{
  "name": "TeamBuilder",
  "lockfileVersion": 2,
  "requires": true,
  "packages": {
    "": {
      "dependencies": {
        "phpunit-test": "^0.0.1"
      }
    },
    "node_modules/phpunit-test": {
      "version": "0.0.1",
      "resolved": "https://registry.npmjs.org/phpunit-test/-/phpunit-test-0.0.1.tgz",
      "integrity": "sha1-aTN0Orsh5WofOVEtSdapoqmIm6k="
    }
  },
  "dependencies": {
    "phpunit-test": {
      "version": "0.0.1",
      "resolved": "https://registry.npmjs.org/phpunit-test/-/phpunit-test-0.0.1.tgz",
      "integrity": "sha1-aTN0Orsh5WofOVEtSdapoqmIm6k="
    }
  }
}
